
Microsoft Visual Studio Solution File, Format Version 12.00
# Visual Studio Version 17
VisualStudioVersion = 17.0.31903.59
MinimumVisualStudioVersion = 10.0.40219.1
Project("{2150E333-8FDC-42A3-9474-1A3956D46DE8}") = "src", "src", "{827E0CD3-B72D-47B6-A68D-7590B98EB39B}"
EndProject
Project("{2150E333-8FDC-42A3-9474-1A3956D46DE8}") = "Domain", "Domain", "{8B290487-4C16-E85E-E807-F579CBE9FC4D}"
EndProject
Project("{FAE04EC0-301F-11D3-BF4B-00C04F79EFBC}") = "model_kate.Domain", "src\Domain\model_kate.Domain.csproj", "{8891A6D6-A92F-4959-B1F6-BEE983E759BD}"
EndProject
Project("{2150E333-8FDC-42A3-9474-1A3956D46DE8}") = "Application", "Application", "{22BAF98C-8415-17C4-B26A-D537657BC863}"
EndProject
Project("{FAE04EC0-301F-11D3-BF4B-00C04F79EFBC}") = "model_kate.Application", "src\Application\model_kate.Application.csproj", "{61529374-D6FD-44E1-8980-4B1A340A4E78}"
EndProject
Project("{2150E333-8FDC-42A3-9474-1A3956D46DE8}") = "Infrastructure", "Infrastructure", "{9048EB7F-3875-A59E-E36B-5BD4C6F2A282}"
EndProject
Project("{FAE04EC0-301F-11D3-BF4B-00C04F79EFBC}") = "model_kate.Infrastructure", "src\Infrastructure\model_kate.Infrastructure.csproj", "{9F4DA144-9EF5-45D6-878E-DDF445A9181A}"
EndProject
Project("{2150E333-8FDC-42A3-9474-1A3956D46DE8}") = "Presentation", "Presentation", "{6996BBF7-DB31-59BC-C7DD-9A7CCC6138C4}"
EndProject
Project("{FAE04EC0-301F-11D3-BF4B-00C04F79EFBC}") = "model_kate.Presentation", "src\Presentation\model_kate.Presentation.csproj", "{B0D328E5-F97D-46F6-ABA5-473E550E82EB}"
EndProject
Global
	GlobalSection(SolutionConfigurationPlatforms) = preSolution
		Debug|Any CPU = Debug|Any CPU
		Debug|x64 = Debug|x64
		Debug|x86 = Debug|x86
		Release|Any CPU = Release|Any CPU
		Release|x64 = Release|x64
		Release|x86 = Release|x86
	EndGlobalSection
	GlobalSection(ProjectConfigurationPlatforms) = postSolution
		{8891A6D6-A92F-4959-B1F6-BEE983E759BD}.Debug|Any CPU.ActiveCfg = Debug|Any CPU
		{8891A6D6-A92F-4959-B1F6-BEE983E759BD}.Debug|Any CPU.Build.0 = Debug|Any CPU
		{8891A6D6-A92F-4959-B1F6-BEE983E759BD}.Debug|x64.ActiveCfg = Debug|Any CPU
		{8891A6D6-A92F-4959-B1F6-BEE983E759BD}.Debug|x64.Build.0 = Debug|Any CPU
		{8891A6D6-A92F-4959-B1F6-BEE983E759BD}.Debug|x86.ActiveCfg = Debug|Any CPU
		{8891A6D6-A92F-4959-B1F6-BEE983E759BD}.Debug|x86.Build.0 = Debug|Any CPU
		{8891A6D6-A92F-4959-B1F6-BEE983E759BD}.Release|Any CPU.ActiveCfg = Release|Any CPU
		{8891A6D6-A92F-4959-B1F6-BEE983E759BD}.Release|Any CPU.Build.0 = Release|Any CPU
		{8891A6D6-A92F-4959-B1F6-BEE983E759BD}.Release|x64.ActiveCfg = Release|Any CPU
		{8891A6D6-A92F-4959-B1F6-BEE983E759BD}.Release|x64.Build.0 = Release|Any CPU
		{8891A6D6-A92F-4959-B1F6-BEE983E759BD}.Release|x86.ActiveCfg = Release|Any CPU
		{8891A6D6-A92F-4959-B1F6-BEE983E759BD}.Release|x86.Build.0 = Release|Any CPU
		{61529374-D6FD-44E1-8980-4B1A340A4E78}.Debug|Any CPU.ActiveCfg = Debug|Any CPU
		{61529374-D6FD-44E1-8980-4B1A340A4E78}.Debug|Any CPU.Build.0 = Debug|Any CPU
		{61529374-D6FD-44E1-8980-4B1A340A4E78}.Debug|x64.ActiveCfg = Debug|Any CPU
		{61529374-D6FD-44E1-8980-4B1A340A4E78}.Debug|x64.Build.0 = Debug|Any CPU
		{61529374-D6FD-44E1-8980-4B1A340A4E78}.Debug|x86.ActiveCfg = Debug|Any CPU
		{61529374-D6FD-44E1-8980-4B1A340A4E78}.Debug|x86.Build.0 = Debug|Any CPU
		{61529374-D6FD-44E1-8980-4B1A340A4E78}.Release|Any CPU.ActiveCfg = Release|Any CPU
		{61529374-D6FD-44E1-8980-4B1A340A4E78}.Release|Any CPU.Build.0 = Release|Any CPU
		{61529374-D6FD-44E1-8980-4B1A340A4E78}.Release|x64.ActiveCfg = Release|Any CPU
		{61529374-D6FD-44E1-8980-4B1A340A4E78}.Release|x64.Build.0 = Release|Any CPU
		{61529374-D6FD-44E1-8980-4B1A340A4E78}.Release|x86.ActiveCfg = Release|Any CPU
		{61529374-D6FD-44E1-8980-4B1A340A4E78}.Release|x86.Build.0 = Release|Any CPU
		{9F4DA144-9EF5-45D6-878E-DDF445A9181A}.Debug|Any CPU.ActiveCfg = Debug|Any CPU
		{9F4DA144-9EF5-45D6-878E-DDF445A9181A}.Debug|Any CPU.Build.0 = Debug|Any CPU
		{9F4DA144-9EF5-45D6-878E-DDF445A9181A}.Debug|x64.ActiveCfg = Debug|Any CPU
		{9F4DA144-9EF5-45D6-878E-DDF445A9181A}.Debug|x64.Build.0 = Debug|Any CPU
		{9F4DA144-9EF5-45D6-878E-DDF445A9181A}.Debug|x86.ActiveCfg = Debug|Any CPU
		{9F4DA144-9EF5-45D6-878E-DDF445A9181A}.Debug|x86.Build.0 = Debug|Any CPU
		{9F4DA144-9EF5-45D6-878E-DDF445A9181A}.Release|Any CPU.ActiveCfg = Release|Any CPU
		{9F4DA144-9EF5-45D6-878E-DDF445A9181A}.Release|Any CPU.Build.0 = Release|Any CPU
		{9F4DA144-9EF5-45D6-878E-DDF445A9181A}.Release|x64.ActiveCfg = Release|Any CPU
		{9F4DA144-9EF5-45D6-878E-DDF445A9181A}.Release|x64.Build.0 = Release|Any CPU
		{9F4DA144-9EF5-45D6-878E-DDF445A9181A}.Release|x86.ActiveCfg = Release|Any CPU
		{9F4DA144-9EF5-45D6-878E-DDF445A9181A}.Release|x86.Build.0 = Release|Any CPU
		{B0D328E5-F97D-46F6-ABA5-473E550E82EB}.Debug|Any CPU.ActiveCfg = Debug|Any CPU
		{B0D328E5-F97D-46F6-ABA5-473E550E82EB}.Debug|Any CPU.Build.0 = Debug|Any CPU
		{B0D328E5-F97D-46F6-ABA5-473E550E82EB}.Debug|x64.ActiveCfg = Debug|Any CPU
		{B0D328E5-F97D-46F6-ABA5-473E550E82EB}.Debug|x64.Build.0 = Debug|Any CPU
		{B0D328E5-F97D-46F6-ABA5-473E550E82EB}.Debug|x86.ActiveCfg = Debug|Any CPU
		{B0D328E5-F97D-46F6-ABA5-473E550E82EB}.Debug|x86.Build.0 = Debug|Any CPU
		{B0D328E5-F97D-46F6-ABA5-473E550E82EB}.Release|Any CPU.ActiveCfg = Release|Any CPU
		{B0D328E5-F97D-46F6-ABA5-473E550E82EB}.Release|Any CPU.Build.0 = Release|Any CPU
		{B0D328E5-F97D-46F6-ABA5-473E550E82EB}.Release|x64.ActiveCfg = Release|Any CPU
		{B0D328E5-F97D-46F6-ABA5-473E550E82EB}.Release|x64.Build.0 = Release|Any CPU
		{B0D328E5-F97D-46F6-ABA5-473E550E82EB}.Release|x86.ActiveCfg = Release|Any CPU
		{B0D328E5-F97D-46F6-ABA5-473E550E82EB}.Release|x86.Build.0 = Release|Any CPU
	EndGlobalSection
	GlobalSection(SolutionProperties) = preSolution
		HideSolutionNode = FALSE
	EndGlobalSection
	GlobalSection(NestedProjects) = preSolution
		{8B290487-4C16-E85E-E807-F579CBE9FC4D} = {827E0CD3-B72D-47B6-A68D-7590B98EB39B}
		{8891A6D6-A92F-4959-B1F6-BEE983E759BD} = {8B290487-4C16-E85E-E807-F579CBE9FC4D}
		{22BAF98C-8415-17C4-B26A-D537657BC863} = {827E0CD3-B72D-47B6-A68D-7590B98EB39B}
		{61529374-D6FD-44E1-8980-4B1A340A4E78} = {22BAF98C-8415-17C4-B26A-D537657BC863}
		{9048EB7F-3875-A59E-E36B-5BD4C6F2A282} = {827E0CD3-B72D-47B6-A68D-7590B98EB39B}
		{9F4DA144-9EF5-45D6-878E-DDF445A9181A} = {9048EB7F-3875-A59E-E36B-5BD4C6F2A282}
		{6996BBF7-DB31-59BC-C7DD-9A7CCC6138C4} = {827E0CD3-B72D-47B6-A68D-7590B98EB39B}
		{B0D328E5-F97D-46F6-ABA5-473E550E82EB} = {6996BBF7-DB31-59BC-C7DD-9A7CCC6138C4}
	EndGlobalSection
EndGlobal
